
Microsoft Visual Studio Solution File, Format Version 12.00
# Visual Studio Version 17
VisualStudioVersion = 17.8.34525.116
MinimumVisualStudioVersion = 10.0.40219.1
Project("{9A19103F-16F7-4668-BE54-9A1E7A4F7556}") = "PHPSelector", "PHPSelector.csproj", "{AF6C6321-9E78-4871-B749-C9E448C1A766}"
EndProject
Global
	GlobalSection(SolutionConfigurationPlatforms) = preSolution
		Debug|Any CPU = Debug|Any CPU
		Release|Any CPU = Release|Any CPU
	EndGlobalSection
	GlobalSection(ProjectConfigurationPlatforms) = postSolution
		{AF6C6321-9E78-4871-B749-C9E448C1A766}.Debug|Any CPU.ActiveCfg = Debug|Any CPU
		{AF6C6321-9E78-4871-B749-C9E448C1A766}.Debug|Any CPU.Build.0 = Debug|Any CPU
		{AF6C6321-9E78-4871-B749-C9E448C1A766}.Release|Any CPU.ActiveCfg = Release|Any CPU
		{AF6C6321-9E78-4871-B749-C9E448C1A766}.Release|Any CPU.Build.0 = Release|Any CPU
	EndGlobalSection
	GlobalSection(SolutionProperties) = preSolution
		HideSolutionNode = FALSE
	EndGlobalSection
	GlobalSection(ExtensibilityGlobals) = postSolution
		SolutionGuid = {83BC0DED-172A-446B-9B02-F5B703F655D2}
	EndGlobalSection
EndGlobal
